// !$*UTF8*$!
{
	archiveVersion = 1;
	classes = {
	};
	objectVersion = 52;
	objects = {

/* Begin PBXBuildFile section */
		8539B94026378900009ECFF6 /* SourceTableViewController.swift in Sources */ = {isa = PBXBuildFile; fileRef = 8539B93F26378900009ECFF6 /* SourceTableViewController.swift */; };
		8539B94326378B1C009ECFF6 /* sources-words.json in Resources */ = {isa = PBXBuildFile; fileRef = 8539B94126378B1C009ECFF6 /* sources-words.json */; };
		8539B94426378B1C009ECFF6 /* sources-meta.json in Resources */ = {isa = PBXBuildFile; fileRef = 8539B94226378B1C009ECFF6 /* sources-meta.json */; };
		8539B94726386D4A009ECFF6 /* WordLetter.swift in Sources */ = {isa = PBXBuildFile; fileRef = 8539B94626386D4A009ECFF6 /* WordLetter.swift */; };
		8539B94926386DA5009ECFF6 /* HTMLView.swift in Sources */ = {isa = PBXBuildFile; fileRef = 8539B94826386DA5009ECFF6 /* HTMLView.swift */; };
		8539B94B26386E83009ECFF6 /* html-view.html in Resources */ = {isa = PBXBuildFile; fileRef = 8539B94A26386E83009ECFF6 /* html-view.html */; };
		8539B94D26386EDF009ECFF6 /* queue.js in Resources */ = {isa = PBXBuildFile; fileRef = 8539B94C26386EDF009ECFF6 /* queue.js */; };
		8539B94F26387196009ECFF6 /* CSSColor.swift in Sources */ = {isa = PBXBuildFile; fileRef = 8539B94E26387196009ECFF6 /* CSSColor.swift */; };
		8539B951263871A9009ECFF6 /* RunJS.swift in Sources */ = {isa = PBXBuildFile; fileRef = 8539B950263871A9009ECFF6 /* RunJS.swift */; };
		8539B95526387223009ECFF6 /* Source.swift in Sources */ = {isa = PBXBuildFile; fileRef = 8539B95426387223009ECFF6 /* Source.swift */; };
		8556C1D826293F7D0038C35E /* PasteButtonView.swift in Sources */ = {isa = PBXBuildFile; fileRef = 8556C1D726293F780038C35E /* PasteButtonView.swift */; };
		8556C1DC262A7BB00038C35E /* BackForwardStack.swift in Sources */ = {isa = PBXBuildFile; fileRef = 8556C1DB262A7BB00038C35E /* BackForwardStack.swift */; };
		8556C1E0262A95250038C35E /* DictionaryProvider.swift in Sources */ = {isa = PBXBuildFile; fileRef = 8556C1DF262A95250038C35E /* DictionaryProvider.swift */; };
		8556C1E2262A972E0038C35E /* detail.html in Resources */ = {isa = PBXBuildFile; fileRef = 8556C1E1262A972E0038C35E /* detail.html */; };
		8556C1E7262A9C0B0038C35E /* CleanString.swift in Sources */ = {isa = PBXBuildFile; fileRef = 8556C1E6262A9C0A0038C35E /* CleanString.swift */; };
		8556C1EA262B47D60038C35E /* SettingsView.swift in Sources */ = {isa = PBXBuildFile; fileRef = 8556C1E9262B47D50038C35E /* SettingsView.swift */; };
		855814AC262B55B30049A333 /* Defaults in Frameworks */ = {isa = PBXBuildFile; productRef = 855814AB262B55B30049A333 /* Defaults */; };
		855814AE262B55C10049A333 /* Identifiers.swift in Sources */ = {isa = PBXBuildFile; fileRef = 855814AD262B55C10049A333 /* Identifiers.swift */; };
		85831AF8262D3F2900CD5801 /* AppIconSettingsView.swift in Sources */ = {isa = PBXBuildFile; fileRef = 85831AF7262D3F2900CD5801 /* AppIconSettingsView.swift */; };
		85831B00262D4B5300CD5801 /* hardcover-icon@3x.png in Resources */ = {isa = PBXBuildFile; fileRef = 85831AF9262D4B5300CD5801 /* hardcover-icon@3x.png */; };
		85831B01262D4B5300CD5801 /* default-icon@3x.png in Resources */ = {isa = PBXBuildFile; fileRef = 85831AFA262D4B5300CD5801 /* default-icon@3x.png */; };
		85831B02262D4B5300CD5801 /* graphic-design-icon@2x.png in Resources */ = {isa = PBXBuildFile; fileRef = 85831AFB262D4B5300CD5801 /* graphic-design-icon@2x.png */; };
		85831B03262D4B5300CD5801 /* hardcover-icon@2x.png in Resources */ = {isa = PBXBuildFile; fileRef = 85831AFC262D4B5300CD5801 /* hardcover-icon@2x.png */; };
		85831B05262D4B5300CD5801 /* default-icon@2x.png in Resources */ = {isa = PBXBuildFile; fileRef = 85831AFE262D4B5300CD5801 /* default-icon@2x.png */; };
		85831B06262D4B5300CD5801 /* graphic-design-icon@3x.png in Resources */ = {isa = PBXBuildFile; fileRef = 85831AFF262D4B5300CD5801 /* graphic-design-icon@3x.png */; };
		8587109A2700AF2B0075D7EB /* WordCountLabel.swift in Sources */ = {isa = PBXBuildFile; fileRef = 858710992700AF2B0075D7EB /* WordCountLabel.swift */; };
		85A5F9CB2628A44800030C47 /* ZIPFoundation in Frameworks */ = {isa = PBXBuildFile; productRef = 85A5F9CA2628A44800030C47 /* ZIPFoundation */; };
		85A5F9CD2628A6B000030C47 /* styles.css in Resources */ = {isa = PBXBuildFile; fileRef = 85A5F9CC2628A6B000030C47 /* styles.css */; };
		85A5FA112628EB3200030C47 /* SplitViewController.swift in Sources */ = {isa = PBXBuildFile; fileRef = 85A5FA102628EB3200030C47 /* SplitViewController.swift */; };
		85A5FAAD2628EC6500030C47 /* h.zip in Resources */ = {isa = PBXBuildFile; fileRef = 85A5FA8E2628EC6300030C47 /* h.zip */; };
		85A5FAAE2628EC6500030C47 /* q.zip in Resources */ = {isa = PBXBuildFile; fileRef = 85A5FA8F2628EC6300030C47 /* q.zip */; };
		85A5FAAF2628EC6500030C47 /* b.zip in Resources */ = {isa = PBXBuildFile; fileRef = 85A5FA902628EC6300030C47 /* b.zip */; };
		85A5FAB02628EC6500030C47 /* d.zip in Resources */ = {isa = PBXBuildFile; fileRef = 85A5FA912628EC6300030C47 /* d.zip */; };
		85A5FAB12628EC6500030C47 /* p.zip in Resources */ = {isa = PBXBuildFile; fileRef = 85A5FA922628EC6300030C47 /* p.zip */; };
		85A5FAB22628EC6500030C47 /* f.zip in Resources */ = {isa = PBXBuildFile; fileRef = 85A5FA932628EC6300030C47 /* f.zip */; };
		85A5FAB32628EC6500030C47 /* k.zip in Resources */ = {isa = PBXBuildFile; fileRef = 85A5FA942628EC6400030C47 /* k.zip */; };
		85A5FAB42628EC6500030C47 /* t.zip in Resources */ = {isa = PBXBuildFile; fileRef = 85A5FA952628EC6400030C47 /* t.zip */; };
		85A5FAB52628EC6500030C47 /* x.zip in Resources */ = {isa = PBXBuildFile; fileRef = 85A5FA962628EC6400030C47 /* x.zip */; };
		85A5FAB62628EC6500030C47 /* r.zip in Resources */ = {isa = PBXBuildFile; fileRef = 85A5FA972628EC6400030C47 /* r.zip */; };
		85A5FAB72628EC6500030C47 /* words-by-letter.json in Resources */ = {isa = PBXBuildFile; fileRef = 85A5FA982628EC6400030C47 /* words-by-letter.json */; };
		85A5FAB82628EC6500030C47 /* a.zip in Resources */ = {isa = PBXBuildFile; fileRef = 85A5FA992628EC6400030C47 /* a.zip */; };
		85A5FAB92628EC6500030C47 /* boot.json in Resources */ = {isa = PBXBuildFile; fileRef = 85A5FA9A2628EC6400030C47 /* boot.json */; };
		85A5FABA2628EC6500030C47 /* v.zip in Resources */ = {isa = PBXBuildFile; fileRef = 85A5FA9B2628EC6400030C47 /* v.zip */; };
		85A5FABB2628EC6500030C47 /* -.zip in Resources */ = {isa = PBXBuildFile; fileRef = 85A5FA9C2628EC6400030C47 /* -.zip */; };
		85A5FABC2628EC6500030C47 /* w.zip in Resources */ = {isa = PBXBuildFile; fileRef = 85A5FA9D2628EC6400030C47 /* w.zip */; };
		85A5FABD2628EC6500030C47 /* s.zip in Resources */ = {isa = PBXBuildFile; fileRef = 85A5FA9E2628EC6400030C47 /* s.zip */; };
		85A5FABE2628EC6500030C47 /* l.zip in Resources */ = {isa = PBXBuildFile; fileRef = 85A5FA9F2628EC6400030C47 /* l.zip */; };
		85A5FABF2628EC6500030C47 /* i.zip in Resources */ = {isa = PBXBuildFile; fileRef = 85A5FAA02628EC6400030C47 /* i.zip */; };
		85A5FAC02628EC6500030C47 /* u.zip in Resources */ = {isa = PBXBuildFile; fileRef = 85A5FAA12628EC6400030C47 /* u.zip */; };
		85A5FAC12628EC6500030C47 /* '.zip in Resources */ = {isa = PBXBuildFile; fileRef = 85A5FAA22628EC6500030C47 /* '.zip */; };
		85A5FAC22628EC6500030C47 /* j.zip in Resources */ = {isa = PBXBuildFile; fileRef = 85A5FAA32628EC6500030C47 /* j.zip */; };
		85A5FAC32628EC6500030C47 /* g.zip in Resources */ = {isa = PBXBuildFile; fileRef = 85A5FAA42628EC6500030C47 /* g.zip */; };
		85A5FAC42628EC6500030C47 /* c.zip in Resources */ = {isa = PBXBuildFile; fileRef = 85A5FAA52628EC6500030C47 /* c.zip */; };
		85A5FAC52628EC6500030C47 /* m.zip in Resources */ = {isa = PBXBuildFile; fileRef = 85A5FAA62628EC6500030C47 /* m.zip */; };
		85A5FAC62628EC6500030C47 /* n.zip in Resources */ = {isa = PBXBuildFile; fileRef = 85A5FAA72628EC6500030C47 /* n.zip */; };
		85A5FAC72628EC6500030C47 /* o.zip in Resources */ = {isa = PBXBuildFile; fileRef = 85A5FAA82628EC6500030C47 /* o.zip */; };
		85A5FAC82628EC6500030C47 /* y.zip in Resources */ = {isa = PBXBuildFile; fileRef = 85A5FAA92628EC6500030C47 /* y.zip */; };
		85A5FAC92628EC6500030C47 /* æ.zip in Resources */ = {isa = PBXBuildFile; fileRef = 85A5FAAA2628EC6500030C47 /* æ.zip */; };
		85A5FACA2628EC6500030C47 /* z.zip in Resources */ = {isa = PBXBuildFile; fileRef = 85A5FAAB2628EC6500030C47 /* z.zip */; };
		85A5FACB2628EC6500030C47 /* e.zip in Resources */ = {isa = PBXBuildFile; fileRef = 85A5FAAC2628EC6500030C47 /* e.zip */; };
		85BAEC3C2626827D00E56D06 /* AppDelegate.swift in Sources */ = {isa = PBXBuildFile; fileRef = 85BAEC3B2626827D00E56D06 /* AppDelegate.swift */; };
		85BAEC3E2626827D00E56D06 /* SceneDelegate.swift in Sources */ = {isa = PBXBuildFile; fileRef = 85BAEC3D2626827D00E56D06 /* SceneDelegate.swift */; };
		85BAEC402626827D00E56D06 /* DetailViewController.swift in Sources */ = {isa = PBXBuildFile; fileRef = 85BAEC3F2626827D00E56D06 /* DetailViewController.swift */; };
		85BAEC432626827D00E56D06 /* Main.storyboard in Resources */ = {isa = PBXBuildFile; fileRef = 85BAEC412626827D00E56D06 /* Main.storyboard */; };
		85BAEC452626827F00E56D06 /* Assets.xcassets in Resources */ = {isa = PBXBuildFile; fileRef = 85BAEC442626827F00E56D06 /* Assets.xcassets */; };
		85BAEC482626827F00E56D06 /* LaunchScreen.storyboard in Resources */ = {isa = PBXBuildFile; fileRef = 85BAEC462626827F00E56D06 /* LaunchScreen.storyboard */; };
		85BAEC52262685AA00E56D06 /* WordsTableViewController.swift in Sources */ = {isa = PBXBuildFile; fileRef = 85BAEC51262685AA00E56D06 /* WordsTableViewController.swift */; };
		85C34E9A265AFA770000A009 /* WordListController.swift in Sources */ = {isa = PBXBuildFile; fileRef = 85C34E99265AFA770000A009 /* WordListController.swift */; };
		85C464E7262D2F5A0012AEAA /* AppIcon.swift in Sources */ = {isa = PBXBuildFile; fileRef = 85C464E6262D2F5A0012AEAA /* AppIcon.swift */; };
		85CF52672628F3F900E96928 /* AboutScreen in Frameworks */ = {isa = PBXBuildFile; productRef = 85CF52662628F3F900E96928 /* AboutScreen */; };
		85CF52692628F46700E96928 /* SettingsViewController.swift in Sources */ = {isa = PBXBuildFile; fileRef = 85CF52682628F46700E96928 /* SettingsViewController.swift */; };
		85CF526A2628F6F800E96928 /* GenBasB.ttf in Resources */ = {isa = PBXBuildFile; fileRef = 85A5F9D22628A72A00030C47 /* GenBasB.ttf */; };
		85CF526B2628F6F800E96928 /* GentiumPlus-I-smcp.woff in Resources */ = {isa = PBXBuildFile; fileRef = 85A5F9D02628A72A00030C47 /* GentiumPlus-I-smcp.woff */; };
		85CF526C2628F6F800E96928 /* GentiumPlus-R.ttf in Resources */ = {isa = PBXBuildFile; fileRef = 85A5F9D12628A72A00030C47 /* GentiumPlus-R.ttf */; };
		85CF526D2628F6F800E96928 /* GentiumPlus-I.ttf in Resources */ = {isa = PBXBuildFile; fileRef = 85A5F9CF2628A72A00030C47 /* GentiumPlus-I.ttf */; };
		85CF526E2628F6F800E96928 /* GentiumPlus-R-smcp.woff in Resources */ = {isa = PBXBuildFile; fileRef = 85A5F9CE2628A72A00030C47 /* GentiumPlus-R-smcp.woff */; };
		85E1EC70262CC454009DD9EC /* AboutView.swift in Sources */ = {isa = PBXBuildFile; fileRef = 85E1EC6F262CC454009DD9EC /* AboutView.swift */; };
		85E1EC73262CC505009DD9EC /* DictionaryInfoView.swift in Sources */ = {isa = PBXBuildFile; fileRef = 85E1EC72262CC505009DD9EC /* DictionaryInfoView.swift */; };
/* End PBXBuildFile section */

/* Begin PBXFileReference section */
		852062CC2627EEE300B08C9D /* README.md */ = {isa = PBXFileReference; lastKnownFileType = net.daringfireball.markdown; path = README.md; sourceTree = "<group>"; };
		8539B93F26378900009ECFF6 /* SourceTableViewController.swift */ = {isa = PBXFileReference; lastKnownFileType = sourcecode.swift; name = SourceTableViewController.swift; path = Dictionary/SourceTableViewController.swift; sourceTree = SOURCE_ROOT; };
		8539B94126378B1C009ECFF6 /* sources-words.json */ = {isa = PBXFileReference; fileEncoding = 4; lastKnownFileType = text.json; path = "sources-words.json"; sourceTree = "<group>"; };
		8539B94226378B1C009ECFF6 /* sources-meta.json */ = {isa = PBXFileReference; fileEncoding = 4; lastKnownFileType = text.json; path = "sources-meta.json"; sourceTree = "<group>"; };
		8539B94626386D4A009ECFF6 /* WordLetter.swift */ = {isa = PBXFileReference; lastKnownFileType = sourcecode.swift; path = WordLetter.swift; sourceTree = "<group>"; };
		8539B94826386DA5009ECFF6 /* HTMLView.swift */ = {isa = PBXFileReference; lastKnownFileType = sourcecode.swift; path = HTMLView.swift; sourceTree = "<group>"; };
		8539B94A26386E83009ECFF6 /* html-view.html */ = {isa = PBXFileReference; lastKnownFileType = text.html; path = "html-view.html"; sourceTree = "<group>"; };
		8539B94C26386EDF009ECFF6 /* queue.js */ = {isa = PBXFileReference; lastKnownFileType = sourcecode.javascript; path = queue.js; sourceTree = "<group>"; };
		8539B94E26387196009ECFF6 /* CSSColor.swift */ = {isa = PBXFileReference; lastKnownFileType = sourcecode.swift; path = CSSColor.swift; sourceTree = "<group>"; };
		8539B950263871A9009ECFF6 /* RunJS.swift */ = {isa = PBXFileReference; lastKnownFileType = sourcecode.swift; path = RunJS.swift; sourceTree = "<group>"; };
		8539B95426387223009ECFF6 /* Source.swift */ = {isa = PBXFileReference; lastKnownFileType = sourcecode.swift; path = Source.swift; sourceTree = "<group>"; };
		8556C1D726293F780038C35E /* PasteButtonView.swift */ = {isa = PBXFileReference; lastKnownFileType = sourcecode.swift; path = PasteButtonView.swift; sourceTree = "<group>"; };
		8556C1DB262A7BB00038C35E /* BackForwardStack.swift */ = {isa = PBXFileReference; lastKnownFileType = sourcecode.swift; path = BackForwardStack.swift; sourceTree = "<group>"; };
		8556C1DF262A95250038C35E /* DictionaryProvider.swift */ = {isa = PBXFileReference; fileEncoding = 4; lastKnownFileType = sourcecode.swift; path = DictionaryProvider.swift; sourceTree = "<group>"; };
		8556C1E1262A972E0038C35E /* detail.html */ = {isa = PBXFileReference; lastKnownFileType = text.html; name = detail.html; path = Dictionary/detail.html; sourceTree = SOURCE_ROOT; };
		8556C1E6262A9C0A0038C35E /* CleanString.swift */ = {isa = PBXFileReference; lastKnownFileType = sourcecode.swift; path = CleanString.swift; sourceTree = "<group>"; };
		8556C1E9262B47D50038C35E /* SettingsView.swift */ = {isa = PBXFileReference; lastKnownFileType = sourcecode.swift; path = SettingsView.swift; sourceTree = "<group>"; };
		855814AD262B55C10049A333 /* Identifiers.swift */ = {isa = PBXFileReference; lastKnownFileType = sourcecode.swift; path = Identifiers.swift; sourceTree = "<group>"; };
		85831AF7262D3F2900CD5801 /* AppIconSettingsView.swift */ = {isa = PBXFileReference; lastKnownFileType = sourcecode.swift; path = AppIconSettingsView.swift; sourceTree = "<group>"; };
		85831AF9262D4B5300CD5801 /* hardcover-icon@3x.png */ = {isa = PBXFileReference; lastKnownFileType = image.png; path = "hardcover-icon@3x.png"; sourceTree = "<group>"; };
		85831AFA262D4B5300CD5801 /* default-icon@3x.png */ = {isa = PBXFileReference; lastKnownFileType = image.png; path = "default-icon@3x.png"; sourceTree = "<group>"; };
		85831AFB262D4B5300CD5801 /* graphic-design-icon@2x.png */ = {isa = PBXFileReference; lastKnownFileType = image.png; path = "graphic-design-icon@2x.png"; sourceTree = "<group>"; };
		85831AFC262D4B5300CD5801 /* hardcover-icon@2x.png */ = {isa = PBXFileReference; lastKnownFileType = image.png; path = "hardcover-icon@2x.png"; sourceTree = "<group>"; };
		85831AFE262D4B5300CD5801 /* default-icon@2x.png */ = {isa = PBXFileReference; lastKnownFileType = image.png; path = "default-icon@2x.png"; sourceTree = "<group>"; };
		85831AFF262D4B5300CD5801 /* graphic-design-icon@3x.png */ = {isa = PBXFileReference; lastKnownFileType = image.png; path = "graphic-design-icon@3x.png"; sourceTree = "<group>"; };
		858710992700AF2B0075D7EB /* WordCountLabel.swift */ = {isa = PBXFileReference; lastKnownFileType = sourcecode.swift; path = WordCountLabel.swift; sourceTree = "<group>"; };
		85A5F9CC2628A6B000030C47 /* styles.css */ = {isa = PBXFileReference; fileEncoding = 4; lastKnownFileType = text.css; path = styles.css; sourceTree = "<group>"; };
		85A5F9CE2628A72A00030C47 /* GentiumPlus-R-smcp.woff */ = {isa = PBXFileReference; lastKnownFileType = file; path = "GentiumPlus-R-smcp.woff"; sourceTree = "<group>"; };
		85A5F9CF2628A72A00030C47 /* GentiumPlus-I.ttf */ = {isa = PBXFileReference; lastKnownFileType = file; path = "GentiumPlus-I.ttf"; sourceTree = "<group>"; };
		85A5F9D02628A72A00030C47 /* GentiumPlus-I-smcp.woff */ = {isa = PBXFileReference; lastKnownFileType = file; path = "GentiumPlus-I-smcp.woff"; sourceTree = "<group>"; };
		85A5F9D12628A72A00030C47 /* GentiumPlus-R.ttf */ = {isa = PBXFileReference; lastKnownFileType = file; path = "GentiumPlus-R.ttf"; sourceTree = "<group>"; };
		85A5F9D22628A72A00030C47 /* GenBasB.ttf */ = {isa = PBXFileReference; lastKnownFileType = file; path = GenBasB.ttf; sourceTree = "<group>"; };
		85A5FA102628EB3200030C47 /* SplitViewController.swift */ = {isa = PBXFileReference; lastKnownFileType = sourcecode.swift; path = SplitViewController.swift; sourceTree = "<group>"; };
		85A5FA8E2628EC6300030C47 /* h.zip */ = {isa = PBXFileReference; lastKnownFileType = archive.zip; path = h.zip; sourceTree = "<group>"; };
		85A5FA8F2628EC6300030C47 /* q.zip */ = {isa = PBXFileReference; lastKnownFileType = archive.zip; path = q.zip; sourceTree = "<group>"; };
		85A5FA902628EC6300030C47 /* b.zip */ = {isa = PBXFileReference; lastKnownFileType = archive.zip; path = b.zip; sourceTree = "<group>"; };
		85A5FA912628EC6300030C47 /* d.zip */ = {isa = PBXFileReference; lastKnownFileType = archive.zip; path = d.zip; sourceTree = "<group>"; };
		85A5FA922628EC6300030C47 /* p.zip */ = {isa = PBXFileReference; lastKnownFileType = archive.zip; path = p.zip; sourceTree = "<group>"; };
		85A5FA932628EC6300030C47 /* f.zip */ = {isa = PBXFileReference; lastKnownFileType = archive.zip; path = f.zip; sourceTree = "<group>"; };
		85A5FA942628EC6400030C47 /* k.zip */ = {isa = PBXFileReference; lastKnownFileType = archive.zip; path = k.zip; sourceTree = "<group>"; };
		85A5FA952628EC6400030C47 /* t.zip */ = {isa = PBXFileReference; lastKnownFileType = archive.zip; path = t.zip; sourceTree = "<group>"; };
		85A5FA962628EC6400030C47 /* x.zip */ = {isa = PBXFileReference; lastKnownFileType = archive.zip; path = x.zip; sourceTree = "<group>"; };
		85A5FA972628EC6400030C47 /* r.zip */ = {isa = PBXFileReference; lastKnownFileType = archive.zip; path = r.zip; sourceTree = "<group>"; };
		85A5FA982628EC6400030C47 /* words-by-letter.json */ = {isa = PBXFileReference; fileEncoding = 4; lastKnownFileType = text.json; path = "words-by-letter.json"; sourceTree = "<group>"; };
		85A5FA992628EC6400030C47 /* a.zip */ = {isa = PBXFileReference; lastKnownFileType = archive.zip; path = a.zip; sourceTree = "<group>"; };
		85A5FA9A2628EC6400030C47 /* boot.json */ = {isa = PBXFileReference; fileEncoding = 4; lastKnownFileType = text.json; path = boot.json; sourceTree = "<group>"; };
		85A5FA9B2628EC6400030C47 /* v.zip */ = {isa = PBXFileReference; lastKnownFileType = archive.zip; path = v.zip; sourceTree = "<group>"; };
		85A5FA9C2628EC6400030C47 /* -.zip */ = {isa = PBXFileReference; lastKnownFileType = archive.zip; path = "-.zip"; sourceTree = "<group>"; };
		85A5FA9D2628EC6400030C47 /* w.zip */ = {isa = PBXFileReference; lastKnownFileType = archive.zip; path = w.zip; sourceTree = "<group>"; };
		85A5FA9E2628EC6400030C47 /* s.zip */ = {isa = PBXFileReference; lastKnownFileType = archive.zip; path = s.zip; sourceTree = "<group>"; };
		85A5FA9F2628EC6400030C47 /* l.zip */ = {isa = PBXFileReference; lastKnownFileType = archive.zip; path = l.zip; sourceTree = "<group>"; };
		85A5FAA02628EC6400030C47 /* i.zip */ = {isa = PBXFileReference; lastKnownFileType = archive.zip; path = i.zip; sourceTree = "<group>"; };
		85A5FAA12628EC6400030C47 /* u.zip */ = {isa = PBXFileReference; lastKnownFileType = archive.zip; path = u.zip; sourceTree = "<group>"; };
		85A5FAA22628EC6500030C47 /* '.zip */ = {isa = PBXFileReference; lastKnownFileType = archive.zip; path = "'.zip"; sourceTree = "<group>"; };
		85A5FAA32628EC6500030C47 /* j.zip */ = {isa = PBXFileReference; lastKnownFileType = archive.zip; path = j.zip; sourceTree = "<group>"; };
		85A5FAA42628EC6500030C47 /* g.zip */ = {isa = PBXFileReference; lastKnownFileType = archive.zip; path = g.zip; sourceTree = "<group>"; };
		85A5FAA52628EC6500030C47 /* c.zip */ = {isa = PBXFileReference; lastKnownFileType = archive.zip; path = c.zip; sourceTree = "<group>"; };
		85A5FAA62628EC6500030C47 /* m.zip */ = {isa = PBXFileReference; lastKnownFileType = archive.zip; path = m.zip; sourceTree = "<group>"; };
		85A5FAA72628EC6500030C47 /* n.zip */ = {isa = PBXFileReference; lastKnownFileType = archive.zip; path = n.zip; sourceTree = "<group>"; };
		85A5FAA82628EC6500030C47 /* o.zip */ = {isa = PBXFileReference; lastKnownFileType = archive.zip; path = o.zip; sourceTree = "<group>"; };
		85A5FAA92628EC6500030C47 /* y.zip */ = {isa = PBXFileReference; lastKnownFileType = archive.zip; path = y.zip; sourceTree = "<group>"; };
		85A5FAAA2628EC6500030C47 /* æ.zip */ = {isa = PBXFileReference; lastKnownFileType = archive.zip; path = "æ.zip"; sourceTree = "<group>"; };
		85A5FAAB2628EC6500030C47 /* z.zip */ = {isa = PBXFileReference; lastKnownFileType = archive.zip; path = z.zip; sourceTree = "<group>"; };
		85A5FAAC2628EC6500030C47 /* e.zip */ = {isa = PBXFileReference; lastKnownFileType = archive.zip; path = e.zip; sourceTree = "<group>"; };
		85BAEC382626827D00E56D06 /* Dictionary.app */ = {isa = PBXFileReference; explicitFileType = wrapper.application; includeInIndex = 0; path = Dictionary.app; sourceTree = BUILT_PRODUCTS_DIR; };
		85BAEC3B2626827D00E56D06 /* AppDelegate.swift */ = {isa = PBXFileReference; lastKnownFileType = sourcecode.swift; path = AppDelegate.swift; sourceTree = "<group>"; };
		85BAEC3D2626827D00E56D06 /* SceneDelegate.swift */ = {isa = PBXFileReference; lastKnownFileType = sourcecode.swift; path = SceneDelegate.swift; sourceTree = "<group>"; };
		85BAEC3F2626827D00E56D06 /* DetailViewController.swift */ = {isa = PBXFileReference; lastKnownFileType = sourcecode.swift; path = DetailViewController.swift; sourceTree = "<group>"; };
		85BAEC422626827D00E56D06 /* Base */ = {isa = PBXFileReference; lastKnownFileType = file.storyboard; name = Base; path = Base.lproj/Main.storyboard; sourceTree = "<group>"; };
		85BAEC442626827F00E56D06 /* Assets.xcassets */ = {isa = PBXFileReference; lastKnownFileType = folder.assetcatalog; path = Assets.xcassets; sourceTree = "<group>"; };
		85BAEC472626827F00E56D06 /* Base */ = {isa = PBXFileReference; lastKnownFileType = file.storyboard; name = Base; path = Base.lproj/LaunchScreen.storyboard; sourceTree = "<group>"; };
		85BAEC492626827F00E56D06 /* Info.plist */ = {isa = PBXFileReference; lastKnownFileType = text.plist.xml; path = Info.plist; sourceTree = "<group>"; };
		85BAEC51262685AA00E56D06 /* WordsTableViewController.swift */ = {isa = PBXFileReference; lastKnownFileType = sourcecode.swift; path = WordsTableViewController.swift; sourceTree = "<group>"; };
		85C34E99265AFA770000A009 /* WordListController.swift */ = {isa = PBXFileReference; lastKnownFileType = sourcecode.swift; path = WordListController.swift; sourceTree = "<group>"; };
		85C464E6262D2F5A0012AEAA /* AppIcon.swift */ = {isa = PBXFileReference; lastKnownFileType = sourcecode.swift; path = AppIcon.swift; sourceTree = "<group>"; };
		85CF52682628F46700E96928 /* SettingsViewController.swift */ = {isa = PBXFileReference; lastKnownFileType = sourcecode.swift; path = SettingsViewController.swift; sourceTree = "<group>"; };
		85E1EC6F262CC454009DD9EC /* AboutView.swift */ = {isa = PBXFileReference; lastKnownFileType = sourcecode.swift; path = AboutView.swift; sourceTree = "<group>"; };
		85E1EC72262CC505009DD9EC /* DictionaryInfoView.swift */ = {isa = PBXFileReference; lastKnownFileType = sourcecode.swift; path = DictionaryInfoView.swift; sourceTree = "<group>"; };
/* End PBXFileReference section */

/* Begin PBXFrameworksBuildPhase section */
		85BAEC352626827D00E56D06 /* Frameworks */ = {
			isa = PBXFrameworksBuildPhase;
			buildActionMask = 2147483647;
			files = (
				855814AC262B55B30049A333 /* Defaults in Frameworks */,
				85CF52672628F3F900E96928 /* AboutScreen in Frameworks */,
				85A5F9CB2628A44800030C47 /* ZIPFoundation in Frameworks */,
			);
			runOnlyForDeploymentPostprocessing = 0;
		};
/* End PBXFrameworksBuildPhase section */

/* Begin PBXGroup section */
		8539B94526386D30009ECFF6 /* Models */ = {
			isa = PBXGroup;
			children = (
				8556C1DF262A95250038C35E /* DictionaryProvider.swift */,
				8539B95426387223009ECFF6 /* Source.swift */,
				8539B94626386D4A009ECFF6 /* WordLetter.swift */,
				8556C1DB262A7BB00038C35E /* BackForwardStack.swift */,
				85C464E6262D2F5A0012AEAA /* AppIcon.swift */,
			);
			path = Models;
			sourceTree = "<group>";
		};
		8539B953263871C3009ECFF6 /* Fonts */ = {
			isa = PBXGroup;
			children = (
				85A5F9D22628A72A00030C47 /* GenBasB.ttf */,
				85A5F9D02628A72A00030C47 /* GentiumPlus-I-smcp.woff */,
				85A5F9CF2628A72A00030C47 /* GentiumPlus-I.ttf */,
				85A5F9CE2628A72A00030C47 /* GentiumPlus-R-smcp.woff */,
				85A5F9D12628A72A00030C47 /* GentiumPlus-R.ttf */,
			);
			path = Fonts;
			sourceTree = "<group>";
		};
		8556C1E3262A9B8F0038C35E /* Utils */ = {
			isa = PBXGroup;
			children = (
				8556C1E6262A9C0A0038C35E /* CleanString.swift */,
				855814AD262B55C10049A333 /* Identifiers.swift */,
				8539B94E26387196009ECFF6 /* CSSColor.swift */,
				8539B950263871A9009ECFF6 /* RunJS.swift */,
			);
			path = Utils;
			sourceTree = "<group>";
		};
		8556C1E4262A9BA50038C35E /* View Controllers */ = {
			isa = PBXGroup;
			children = (
				85A5FA102628EB3200030C47 /* SplitViewController.swift */,
				85BAEC51262685AA00E56D06 /* WordsTableViewController.swift */,
				85C34E99265AFA770000A009 /* WordListController.swift */,
				85BAEC3F2626827D00E56D06 /* DetailViewController.swift */,
				8539B93F26378900009ECFF6 /* SourceTableViewController.swift */,
				85CF52682628F46700E96928 /* SettingsViewController.swift */,
			);
			path = "View Controllers";
			sourceTree = "<group>";
		};
		8556C1E5262A9BEF0038C35E /* Views */ = {
			isa = PBXGroup;
			children = (
				8556C1D726293F780038C35E /* PasteButtonView.swift */,
				8539B94826386DA5009ECFF6 /* HTMLView.swift */,
				858710992700AF2B0075D7EB /* WordCountLabel.swift */,
			);
			path = Views;
			sourceTree = "<group>";
		};
		8556C1E8262B47C20038C35E /* Settings */ = {
			isa = PBXGroup;
			children = (
				8556C1E9262B47D50038C35E /* SettingsView.swift */,
				85E1EC6F262CC454009DD9EC /* AboutView.swift */,
				85831AF7262D3F2900CD5801 /* AppIconSettingsView.swift */,
				85E1EC72262CC505009DD9EC /* DictionaryInfoView.swift */,
			);
			path = Settings;
			sourceTree = "<group>";
		};
		85A5F9C82628950500030C47 /* Resources */ = {
			isa = PBXGroup;
			children = (
				85C464DD262D2E410012AEAA /* App Icons */,
				8556C1E1262A972E0038C35E /* detail.html */,
				8539B94A26386E83009ECFF6 /* html-view.html */,
				8539B94C26386EDF009ECFF6 /* queue.js */,
				85A5F9CC2628A6B000030C47 /* styles.css */,
				85A5F9D32628E0C400030C47 /* dict */,
				8539B953263871C3009ECFF6 /* Fonts */,
			);
			path = Resources;
			sourceTree = "<group>";
		};
		85A5F9D32628E0C400030C47 /* dict */ = {
			isa = PBXGroup;
			children = (
				85A5FA9A2628EC6400030C47 /* boot.json */,
				8539B94226378B1C009ECFF6 /* sources-meta.json */,
				8539B94126378B1C009ECFF6 /* sources-words.json */,
				85A5FA982628EC6400030C47 /* words-by-letter.json */,
				85A5FA9C2628EC6400030C47 /* -.zip */,
				85A5FAA22628EC6500030C47 /* '.zip */,
				85A5FA992628EC6400030C47 /* a.zip */,
				85A5FAAA2628EC6500030C47 /* æ.zip */,
				85A5FA902628EC6300030C47 /* b.zip */,
				85A5FAA52628EC6500030C47 /* c.zip */,
				85A5FA912628EC6300030C47 /* d.zip */,
				85A5FAAC2628EC6500030C47 /* e.zip */,
				85A5FA932628EC6300030C47 /* f.zip */,
				85A5FAA42628EC6500030C47 /* g.zip */,
				85A5FA8E2628EC6300030C47 /* h.zip */,
				85A5FAA02628EC6400030C47 /* i.zip */,
				85A5FAA32628EC6500030C47 /* j.zip */,
				85A5FA942628EC6400030C47 /* k.zip */,
				85A5FA9F2628EC6400030C47 /* l.zip */,
				85A5FAA62628EC6500030C47 /* m.zip */,
				85A5FAA72628EC6500030C47 /* n.zip */,
				85A5FAA82628EC6500030C47 /* o.zip */,
				85A5FA922628EC6300030C47 /* p.zip */,
				85A5FA8F2628EC6300030C47 /* q.zip */,
				85A5FA972628EC6400030C47 /* r.zip */,
				85A5FA9E2628EC6400030C47 /* s.zip */,
				85A5FA952628EC6400030C47 /* t.zip */,
				85A5FAA12628EC6400030C47 /* u.zip */,
				85A5FA9B2628EC6400030C47 /* v.zip */,
				85A5FA9D2628EC6400030C47 /* w.zip */,
				85A5FA962628EC6400030C47 /* x.zip */,
				85A5FAA92628EC6500030C47 /* y.zip */,
				85A5FAAB2628EC6500030C47 /* z.zip */,
			);
			path = dict;
			sourceTree = "<group>";
		};
		85BAEC2F2626827D00E56D06 = {
			isa = PBXGroup;
			children = (
				852062CC2627EEE300B08C9D /* README.md */,
				85BAEC3A2626827D00E56D06 /* Dictionary */,
				85BAEC392626827D00E56D06 /* Products */,
			);
			indentWidth = 2;
			sourceTree = "<group>";
			tabWidth = 2;
			usesTabs = 0;
		};
		85BAEC392626827D00E56D06 /* Products */ = {
			isa = PBXGroup;
			children = (
				85BAEC382626827D00E56D06 /* Dictionary.app */,
			);
			name = Products;
			sourceTree = "<group>";
		};
		85BAEC3A2626827D00E56D06 /* Dictionary */ = {
			isa = PBXGroup;
			children = (
				85BAEC3B2626827D00E56D06 /* AppDelegate.swift */,
				85BAEC3D2626827D00E56D06 /* SceneDelegate.swift */,
				8556C1E8262B47C20038C35E /* Settings */,
				8539B94526386D30009ECFF6 /* Models */,
				8556C1E5262A9BEF0038C35E /* Views */,
				8556C1E4262A9BA50038C35E /* View Controllers */,
				8556C1E3262A9B8F0038C35E /* Utils */,
				85BAEC412626827D00E56D06 /* Main.storyboard */,
				85BAEC442626827F00E56D06 /* Assets.xcassets */,
				85BAEC462626827F00E56D06 /* LaunchScreen.storyboard */,
				85BAEC492626827F00E56D06 /* Info.plist */,
				85A5F9C82628950500030C47 /* Resources */,
			);
			path = Dictionary;
			sourceTree = "<group>";
		};
		85C464DD262D2E410012AEAA /* App Icons */ = {
			isa = PBXGroup;
			children = (
				85831AFE262D4B5300CD5801 /* default-icon@2x.png */,
				85831AFA262D4B5300CD5801 /* default-icon@3x.png */,
				85831AFB262D4B5300CD5801 /* graphic-design-icon@2x.png */,
				85831AFF262D4B5300CD5801 /* graphic-design-icon@3x.png */,
				85831AFC262D4B5300CD5801 /* hardcover-icon@2x.png */,
				85831AF9262D4B5300CD5801 /* hardcover-icon@3x.png */,
			);
			path = "App Icons";
			sourceTree = "<group>";
		};
/* End PBXGroup section */

/* Begin PBXNativeTarget section */
		85BAEC372626827D00E56D06 /* Dictionary */ = {
			isa = PBXNativeTarget;
			buildConfigurationList = 85BAEC4C2626827F00E56D06 /* Build configuration list for PBXNativeTarget "Dictionary" */;
			buildPhases = (
				85BAEC342626827D00E56D06 /* Sources */,
				85BAEC352626827D00E56D06 /* Frameworks */,
				85BAEC362626827D00E56D06 /* Resources */,
			);
			buildRules = (
			);
			dependencies = (
			);
			name = Dictionary;
			packageProductDependencies = (
				85A5F9CA2628A44800030C47 /* ZIPFoundation */,
				85CF52662628F3F900E96928 /* AboutScreen */,
				855814AB262B55B30049A333 /* Defaults */,
			);
			productName = Dictionary;
			productReference = 85BAEC382626827D00E56D06 /* Dictionary.app */;
			productType = "com.apple.product-type.application";
		};
/* End PBXNativeTarget section */

/* Begin PBXProject section */
		85BAEC302626827D00E56D06 /* Project object */ = {
			isa = PBXProject;
			attributes = {
				LastSwiftUpdateCheck = 1250;
				LastUpgradeCheck = 1250;
				TargetAttributes = {
					85BAEC372626827D00E56D06 = {
						CreatedOnToolsVersion = 12.5;
					};
				};
			};
			buildConfigurationList = 85BAEC332626827D00E56D06 /* Build configuration list for PBXProject "Dictionary" */;
			compatibilityVersion = "Xcode 9.3";
			developmentRegion = en;
			hasScannedForEncodings = 0;
			knownRegions = (
				en,
				Base,
			);
			mainGroup = 85BAEC2F2626827D00E56D06;
			packageReferences = (
				85A5F9C92628A44800030C47 /* XCRemoteSwiftPackageReference "ZIPFoundation" */,
				85CF52652628F3F900E96928 /* XCRemoteSwiftPackageReference "AboutScreen" */,
				855814AA262B55B30049A333 /* XCRemoteSwiftPackageReference "Defaults" */,
			);
			productRefGroup = 85BAEC392626827D00E56D06 /* Products */;
			projectDirPath = "";
			projectRoot = "";
			targets = (
				85BAEC372626827D00E56D06 /* Dictionary */,
			);
		};
/* End PBXProject section */

/* Begin PBXResourcesBuildPhase section */
		85BAEC362626827D00E56D06 /* Resources */ = {
			isa = PBXResourcesBuildPhase;
			buildActionMask = 2147483647;
			files = (
				85A5FAC92628EC6500030C47 /* æ.zip in Resources */,
				85A5FABE2628EC6500030C47 /* l.zip in Resources */,
				85831B05262D4B5300CD5801 /* default-icon@2x.png in Resources */,
				85A5FACB2628EC6500030C47 /* e.zip in Resources */,
				85A5FABA2628EC6500030C47 /* v.zip in Resources */,
				85831B03262D4B5300CD5801 /* hardcover-icon@2x.png in Resources */,
				85A5FABC2628EC6500030C47 /* w.zip in Resources */,
				85A5FAC02628EC6500030C47 /* u.zip in Resources */,
				85A5FAB32628EC6500030C47 /* k.zip in Resources */,
				85CF526D2628F6F800E96928 /* GentiumPlus-I.ttf in Resources */,
				85A5FAB22628EC6500030C47 /* f.zip in Resources */,
				85A5FAB12628EC6500030C47 /* p.zip in Resources */,
				85CF526C2628F6F800E96928 /* GentiumPlus-R.ttf in Resources */,
				8556C1E2262A972E0038C35E /* detail.html in Resources */,
				85CF526E2628F6F800E96928 /* GentiumPlus-R-smcp.woff in Resources */,
				85A5FAAF2628EC6500030C47 /* b.zip in Resources */,
				85BAEC482626827F00E56D06 /* LaunchScreen.storyboard in Resources */,
				85A5FAB02628EC6500030C47 /* d.zip in Resources */,
				85831B02262D4B5300CD5801 /* graphic-design-icon@2x.png in Resources */,
				85A5FABB2628EC6500030C47 /* -.zip in Resources */,
				85831B00262D4B5300CD5801 /* hardcover-icon@3x.png in Resources */,
				85CF526A2628F6F800E96928 /* GenBasB.ttf in Resources */,
				85A5FAC12628EC6500030C47 /* '.zip in Resources */,
				85A5FABD2628EC6500030C47 /* s.zip in Resources */,
				85CF526B2628F6F800E96928 /* GentiumPlus-I-smcp.woff in Resources */,
				8539B94426378B1C009ECFF6 /* sources-meta.json in Resources */,
				85A5FAC52628EC6500030C47 /* m.zip in Resources */,
				8539B94326378B1C009ECFF6 /* sources-words.json in Resources */,
				85A5FAB62628EC6500030C47 /* r.zip in Resources */,
				85A5FAB82628EC6500030C47 /* a.zip in Resources */,
				85A5FAB52628EC6500030C47 /* x.zip in Resources */,
				85A5FACA2628EC6500030C47 /* z.zip in Resources */,
				85A5FAB42628EC6500030C47 /* t.zip in Resources */,
				85A5FAC42628EC6500030C47 /* c.zip in Resources */,
				8539B94B26386E83009ECFF6 /* html-view.html in Resources */,
				85A5FAAD2628EC6500030C47 /* h.zip in Resources */,
				85A5FAC32628EC6500030C47 /* g.zip in Resources */,
				85A5FABF2628EC6500030C47 /* i.zip in Resources */,
				85BAEC452626827F00E56D06 /* Assets.xcassets in Resources */,
				85A5FAAE2628EC6500030C47 /* q.zip in Resources */,
				85A5FAC62628EC6500030C47 /* n.zip in Resources */,
				85A5F9CD2628A6B000030C47 /* styles.css in Resources */,
				85A5FAB72628EC6500030C47 /* words-by-letter.json in Resources */,
				85831B01262D4B5300CD5801 /* default-icon@3x.png in Resources */,
				85BAEC432626827D00E56D06 /* Main.storyboard in Resources */,
				85831B06262D4B5300CD5801 /* graphic-design-icon@3x.png in Resources */,
				85A5FAC72628EC6500030C47 /* o.zip in Resources */,
				85A5FAC22628EC6500030C47 /* j.zip in Resources */,
				85A5FAB92628EC6500030C47 /* boot.json in Resources */,
				85A5FAC82628EC6500030C47 /* y.zip in Resources */,
				8539B94D26386EDF009ECFF6 /* queue.js in Resources */,
			);
			runOnlyForDeploymentPostprocessing = 0;
		};
/* End PBXResourcesBuildPhase section */

/* Begin PBXSourcesBuildPhase section */
		85BAEC342626827D00E56D06 /* Sources */ = {
			isa = PBXSourcesBuildPhase;
			buildActionMask = 2147483647;
			files = (
				85CF52692628F46700E96928 /* SettingsViewController.swift in Sources */,
				8539B951263871A9009ECFF6 /* RunJS.swift in Sources */,
				855814AE262B55C10049A333 /* Identifiers.swift in Sources */,
				85A5FA112628EB3200030C47 /* SplitViewController.swift in Sources */,
				8539B94026378900009ECFF6 /* SourceTableViewController.swift in Sources */,
				85BAEC402626827D00E56D06 /* DetailViewController.swift in Sources */,
				8539B94F26387196009ECFF6 /* CSSColor.swift in Sources */,
				8556C1D826293F7D0038C35E /* PasteButtonView.swift in Sources */,
				85C464E7262D2F5A0012AEAA /* AppIcon.swift in Sources */,
				85C34E9A265AFA770000A009 /* WordListController.swift in Sources */,
				8556C1E0262A95250038C35E /* DictionaryProvider.swift in Sources */,
				85BAEC3C2626827D00E56D06 /* AppDelegate.swift in Sources */,
				8587109A2700AF2B0075D7EB /* WordCountLabel.swift in Sources */,
				8539B94726386D4A009ECFF6 /* WordLetter.swift in Sources */,
				85E1EC70262CC454009DD9EC /* AboutView.swift in Sources */,
				8556C1E7262A9C0B0038C35E /* CleanString.swift in Sources */,
				8539B95526387223009ECFF6 /* Source.swift in Sources */,
				85831AF8262D3F2900CD5801 /* AppIconSettingsView.swift in Sources */,
				8539B94926386DA5009ECFF6 /* HTMLView.swift in Sources */,
				85E1EC73262CC505009DD9EC /* DictionaryInfoView.swift in Sources */,
				85BAEC3E2626827D00E56D06 /* SceneDelegate.swift in Sources */,
				8556C1EA262B47D60038C35E /* SettingsView.swift in Sources */,
				85BAEC52262685AA00E56D06 /* WordsTableViewController.swift in Sources */,
				8556C1DC262A7BB00038C35E /* BackForwardStack.swift in Sources */,
			);
			runOnlyForDeploymentPostprocessing = 0;
		};
/* End PBXSourcesBuildPhase section */

/* Begin PBXVariantGroup section */
		85BAEC412626827D00E56D06 /* Main.storyboard */ = {
			isa = PBXVariantGroup;
			children = (
				85BAEC422626827D00E56D06 /* Base */,
			);
			name = Main.storyboard;
			sourceTree = "<group>";
		};
		85BAEC462626827F00E56D06 /* LaunchScreen.storyboard */ = {
			isa = PBXVariantGroup;
			children = (
				85BAEC472626827F00E56D06 /* Base */,
			);
			name = LaunchScreen.storyboard;
			sourceTree = "<group>";
		};
/* End PBXVariantGroup section */

/* Begin XCBuildConfiguration section */
		85BAEC4A2626827F00E56D06 /* Debug */ = {
			isa = XCBuildConfiguration;
			buildSettings = {
				ALWAYS_SEARCH_USER_PATHS = NO;
				CLANG_ANALYZER_NONNULL = YES;
				CLANG_ANALYZER_NUMBER_OBJECT_CONVERSION = YES_AGGRESSIVE;
				CLANG_CXX_LANGUAGE_STANDARD = "gnu++14";
				CLANG_CXX_LIBRARY = "libc++";
				CLANG_ENABLE_MODULES = YES;
				CLANG_ENABLE_OBJC_ARC = YES;
				CLANG_ENABLE_OBJC_WEAK = YES;
				CLANG_WARN_BLOCK_CAPTURE_AUTORELEASING = YES;
				CLANG_WARN_BOOL_CONVERSION = YES;
				CLANG_WARN_COMMA = YES;
				CLANG_WARN_CONSTANT_CONVERSION = YES;
				CLANG_WARN_DEPRECATED_OBJC_IMPLEMENTATIONS = YES;
				CLANG_WARN_DIRECT_OBJC_ISA_USAGE = YES_ERROR;
				CLANG_WARN_DOCUMENTATION_COMMENTS = YES;
				CLANG_WARN_EMPTY_BODY = YES;
				CLANG_WARN_ENUM_CONVERSION = YES;
				CLANG_WARN_INFINITE_RECURSION = YES;
				CLANG_WARN_INT_CONVERSION = YES;
				CLANG_WARN_NON_LITERAL_NULL_CONVERSION = YES;
				CLANG_WARN_OBJC_IMPLICIT_RETAIN_SELF = YES;
				CLANG_WARN_OBJC_LITERAL_CONVERSION = YES;
				CLANG_WARN_OBJC_ROOT_CLASS = YES_ERROR;
				CLANG_WARN_QUOTED_INCLUDE_IN_FRAMEWORK_HEADER = YES;
				CLANG_WARN_RANGE_LOOP_ANALYSIS = YES;
				CLANG_WARN_STRICT_PROTOTYPES = YES;
				CLANG_WARN_SUSPICIOUS_MOVE = YES;
				CLANG_WARN_UNGUARDED_AVAILABILITY = YES_AGGRESSIVE;
				CLANG_WARN_UNREACHABLE_CODE = YES;
				CLANG_WARN__DUPLICATE_METHOD_MATCH = YES;
				COPY_PHASE_STRIP = NO;
				DEBUG_INFORMATION_FORMAT = dwarf;
				ENABLE_STRICT_OBJC_MSGSEND = YES;
				ENABLE_TESTABILITY = YES;
				GCC_C_LANGUAGE_STANDARD = gnu11;
				GCC_DYNAMIC_NO_PIC = NO;
				GCC_NO_COMMON_BLOCKS = YES;
				GCC_OPTIMIZATION_LEVEL = 0;
				GCC_PREPROCESSOR_DEFINITIONS = (
					"DEBUG=1",
					"$(inherited)",
				);
				GCC_WARN_64_TO_32_BIT_CONVERSION = YES;
				GCC_WARN_ABOUT_RETURN_TYPE = YES_ERROR;
				GCC_WARN_UNDECLARED_SELECTOR = YES;
				GCC_WARN_UNINITIALIZED_AUTOS = YES_AGGRESSIVE;
				GCC_WARN_UNUSED_FUNCTION = YES;
				GCC_WARN_UNUSED_VARIABLE = YES;
				IPHONEOS_DEPLOYMENT_TARGET = 14.1;
				MTL_ENABLE_DEBUG_INFO = INCLUDE_SOURCE;
				MTL_FAST_MATH = YES;
				ONLY_ACTIVE_ARCH = YES;
				SDKROOT = iphoneos;
				SWIFT_ACTIVE_COMPILATION_CONDITIONS = DEBUG;
				SWIFT_OPTIMIZATION_LEVEL = "-Onone";
			};
			name = Debug;
		};
		85BAEC4B2626827F00E56D06 /* Release */ = {
			isa = XCBuildConfiguration;
			buildSettings = {
				ALWAYS_SEARCH_USER_PATHS = NO;
				CLANG_ANALYZER_NONNULL = YES;
				CLANG_ANALYZER_NUMBER_OBJECT_CONVERSION = YES_AGGRESSIVE;
				CLANG_CXX_LANGUAGE_STANDARD = "gnu++14";
				CLANG_CXX_LIBRARY = "libc++";
				CLANG_ENABLE_MODULES = YES;
				CLANG_ENABLE_OBJC_ARC = YES;
				CLANG_ENABLE_OBJC_WEAK = YES;
				CLANG_WARN_BLOCK_CAPTURE_AUTORELEASING = YES;
				CLANG_WARN_BOOL_CONVERSION = YES;
				CLANG_WARN_COMMA = YES;
				CLANG_WARN_CONSTANT_CONVERSION = YES;
				CLANG_WARN_DEPRECATED_OBJC_IMPLEMENTATIONS = YES;
				CLANG_WARN_DIRECT_OBJC_ISA_USAGE = YES_ERROR;
				CLANG_WARN_DOCUMENTATION_COMMENTS = YES;
				CLANG_WARN_EMPTY_BODY = YES;
				CLANG_WARN_ENUM_CONVERSION = YES;
				CLANG_WARN_INFINITE_RECURSION = YES;
				CLANG_WARN_INT_CONVERSION = YES;
				CLANG_WARN_NON_LITERAL_NULL_CONVERSION = YES;
				CLANG_WARN_OBJC_IMPLICIT_RETAIN_SELF = YES;
				CLANG_WARN_OBJC_LITERAL_CONVERSION = YES;
				CLANG_WARN_OBJC_ROOT_CLASS = YES_ERROR;
				CLANG_WARN_QUOTED_INCLUDE_IN_FRAMEWORK_HEADER = YES;
				CLANG_WARN_RANGE_LOOP_ANALYSIS = YES;
				CLANG_WARN_STRICT_PROTOTYPES = YES;
				CLANG_WARN_SUSPICIOUS_MOVE = YES;
				CLANG_WARN_UNGUARDED_AVAILABILITY = YES_AGGRESSIVE;
				CLANG_WARN_UNREACHABLE_CODE = YES;
				CLANG_WARN__DUPLICATE_METHOD_MATCH = YES;
				COPY_PHASE_STRIP = NO;
				DEBUG_INFORMATION_FORMAT = "dwarf-with-dsym";
				ENABLE_NS_ASSERTIONS = NO;
				ENABLE_STRICT_OBJC_MSGSEND = YES;
				GCC_C_LANGUAGE_STANDARD = gnu11;
				GCC_NO_COMMON_BLOCKS = YES;
				GCC_WARN_64_TO_32_BIT_CONVERSION = YES;
				GCC_WARN_ABOUT_RETURN_TYPE = YES_ERROR;
				GCC_WARN_UNDECLARED_SELECTOR = YES;
				GCC_WARN_UNINITIALIZED_AUTOS = YES_AGGRESSIVE;
				GCC_WARN_UNUSED_FUNCTION = YES;
				GCC_WARN_UNUSED_VARIABLE = YES;
				IPHONEOS_DEPLOYMENT_TARGET = 14.1;
				MTL_ENABLE_DEBUG_INFO = NO;
				MTL_FAST_MATH = YES;
				SDKROOT = iphoneos;
				SWIFT_COMPILATION_MODE = wholemodule;
				SWIFT_OPTIMIZATION_LEVEL = "-O";
				VALIDATE_PRODUCT = YES;
			};
			name = Release;
		};
		85BAEC4D2626827F00E56D06 /* Debug */ = {
			isa = XCBuildConfiguration;
			buildSettings = {
				ASSETCATALOG_COMPILER_APPICON_NAME = AppIcon;
				ASSETCATALOG_COMPILER_GLOBAL_ACCENT_COLOR_NAME = AccentColor;
				CODE_SIGN_STYLE = Automatic;
				CURRENT_PROJECT_VERSION = 4;
				DEVELOPMENT_TEAM = 288H3WAR3W;
				INFOPLIST_FILE = Dictionary/Info.plist;
				IPHONEOS_DEPLOYMENT_TARGET = 14.1;
				LD_RUNPATH_SEARCH_PATHS = (
					"$(inherited)",
					"@executable_path/Frameworks",
				);
				PRODUCT_BUNDLE_IDENTIFIER = com.jedfox.Dictionary;
				PRODUCT_NAME = "$(TARGET_NAME)";
				SWIFT_VERSION = 5.0;
				TARGETED_DEVICE_FAMILY = "1,2";
			};
			name = Debug;
		};
		85BAEC4E2626827F00E56D06 /* Release */ = {
			isa = XCBuildConfiguration;
			buildSettings = {
				ASSETCATALOG_COMPILER_APPICON_NAME = AppIcon;
				ASSETCATALOG_COMPILER_GLOBAL_ACCENT_COLOR_NAME = AccentColor;
				CODE_SIGN_STYLE = Automatic;
				CURRENT_PROJECT_VERSION = 4;
				DEVELOPMENT_TEAM = 288H3WAR3W;
				INFOPLIST_FILE = Dictionary/Info.plist;
				IPHONEOS_DEPLOYMENT_TARGET = 14.1;
				LD_RUNPATH_SEARCH_PATHS = (
					"$(inherited)",
					"@executable_path/Frameworks",
				);
				PRODUCT_BUNDLE_IDENTIFIER = com.jedfox.Dictionary;
				PRODUCT_NAME = "$(TARGET_NAME)";
				SWIFT_VERSION = 5.0;
				TARGETED_DEVICE_FAMILY = "1,2";
			};
			name = Release;
		};
/* End XCBuildConfiguration section */

/* Begin XCConfigurationList section */
		85BAEC332626827D00E56D06 /* Build configuration list for PBXProject "Dictionary" */ = {
			isa = XCConfigurationList;
			buildConfigurations = (
				85BAEC4A2626827F00E56D06 /* Debug */,
				85BAEC4B2626827F00E56D06 /* Release */,
			);
			defaultConfigurationIsVisible = 0;
			defaultConfigurationName = Release;
		};
		85BAEC4C2626827F00E56D06 /* Build configuration list for PBXNativeTarget "Dictionary" */ = {
			isa = XCConfigurationList;
			buildConfigurations = (
				85BAEC4D2626827F00E56D06 /* Debug */,
				85BAEC4E2626827F00E56D06 /* Release */,
			);
			defaultConfigurationIsVisible = 0;
			defaultConfigurationName = Release;
		};
/* End XCConfigurationList section */

/* Begin XCRemoteSwiftPackageReference section */
		855814AA262B55B30049A333 /* XCRemoteSwiftPackageReference "Defaults" */ = {
			isa = XCRemoteSwiftPackageReference;
			repositoryURL = "https://github.com/sindresorhus/Defaults";
			requirement = {
				kind = upToNextMajorVersion;
				minimumVersion = 4.2.1;
			};
		};
		85A5F9C92628A44800030C47 /* XCRemoteSwiftPackageReference "ZIPFoundation" */ = {
			isa = XCRemoteSwiftPackageReference;
			repositoryURL = "https://github.com/weichsel/ZIPFoundation";
			requirement = {
				kind = upToNextMinorVersion;
				minimumVersion = 0.9.12;
			};
		};
		85CF52652628F3F900E96928 /* XCRemoteSwiftPackageReference "AboutScreen" */ = {
			isa = XCRemoteSwiftPackageReference;
			repositoryURL = "https://github.com/j-f1/AboutScreen.git";
			requirement = {
				kind = upToNextMajorVersion;
				minimumVersion = 1.5.8;
			};
		};
/* End XCRemoteSwiftPackageReference section */

/* Begin XCSwiftPackageProductDependency section */
		855814AB262B55B30049A333 /* Defaults */ = {
			isa = XCSwiftPackageProductDependency;
			package = 855814AA262B55B30049A333 /* XCRemoteSwiftPackageReference "Defaults" */;
			productName = Defaults;
		};
		85A5F9CA2628A44800030C47 /* ZIPFoundation */ = {
			isa = XCSwiftPackageProductDependency;
			package = 85A5F9C92628A44800030C47 /* XCRemoteSwiftPackageReference "ZIPFoundation" */;
			productName = ZIPFoundation;
		};
		85CF52662628F3F900E96928 /* AboutScreen */ = {
			isa = XCSwiftPackageProductDependency;
			package = 85CF52652628F3F900E96928 /* XCRemoteSwiftPackageReference "AboutScreen" */;
			productName = AboutScreen;
		};
/* End XCSwiftPackageProductDependency section */
	};
	rootObject = 85BAEC302626827D00E56D06 /* Project object */;
}
