{
  "object": {
    "pins": [
      {
        "package": "AboutScreen",
        "repositoryURL": "https://github.com/j-f1/AboutScreen.git",
        "state": {
          "branch": null,
          "revision": "06c1f027e3a547fa24dc1fe919ebba0ed1c52ebc",
          "version": "1.5.8"
        }
      },
      {
        "package": "BetterSafariView",
        "repositoryURL": "https://github.com/boherna/BetterSafariView",
        "state": {
          "branch": null,
          "revision": "04e067b9a29fc634138e761d36028d22eb5bb41c",
          "version": "2.2.5"
        }
      },
      {
        "package": "Defaults",
        "repositoryURL": "https://github.com/sindresorhus/Defaults",
        "state": {
          "branch": null,
          "revision": "63dcea312f9cbd17064294a3ae99c9147704b65f",
          "version": "4.2.1"
        }
      },
      {
        "package": "Helpers",
        "repositoryURL": "https://github.com/j-f1/ios-helpers",
        "state": {
          "branch": null,
          "revision": "f4896e0090d3e1ad1f541cceef67f521baa08b07",
          "version": "1.2.0"
        }
      },
      {
        "package": "ZIPFoundation",
        "repositoryURL": "https://github.com/weichsel/ZIPFoundation",
        "state": {
          "branch": null,
          "revision": "cf10bbff6ac3b873e97b36b9784c79866a051a8e",
          "version": "0.9.12"
        }
      }
    ]
  },
  "version": 1
}
