{
  "object": {
    "pins": [
      {
        "package": "AboutScreen",
        "repositoryURL": "https://github.com/j-f1/AboutScreen.git",
        "state": {
          "branch": null,
          "revision": "4ce4b8dc3656f0cb6fa8b05d59033d36d1e586cd",
          "version": "1.6.1"
        }
      },
      {
        "package": "BetterSafariView",
        "repositoryURL": "https://github.com/stleamist/BetterSafariView",
        "state": {
          "branch": null,
          "revision": "561919b490eddf8f999b0f855cbf237001cbfccd",
          "version": "2.3.1"
        }
      },
      {
        "package": "Defaults",
        "repositoryURL": "https://github.com/sindresorhus/Defaults",
        "state": {
          "branch": null,
          "revision": "229dea452fee8d2205f56a12e5c21dfec00948f2",
          "version": "4.2.2"
        }
      },
      {
        "package": "Helpers",
        "repositoryURL": "https://github.com/j-f1/ios-helpers",
        "state": {
          "branch": null,
          "revision": "f4896e0090d3e1ad1f541cceef67f521baa08b07",
          "version": "1.2.0"
        }
      },
      {
        "package": "ZIPFoundation",
        "repositoryURL": "https://github.com/weichsel/ZIPFoundation",
        "state": {
          "branch": null,
          "revision": "cf10bbff6ac3b873e97b36b9784c79866a051a8e",
          "version": "0.9.12"
        }
      }
    ]
  },
  "version": 1
}
